
Microsoft Visual Studio Solution File, Format Version 12.00
# Visual Studio Version 17
VisualStudioVersion = 17.7.34009.444
MinimumVisualStudioVersion = 10.0.40219.1
Project("{FAE04EC0-301F-11D3-BF4B-00C04F79EFBC}") = "Parcial final", "Parcial final\Parcial final.csproj", "{B0756032-BBFC-489F-9C6C-CCE8D0850632}"
EndProject
Global
	GlobalSection(SolutionConfigurationPlatforms) = preSolution
		Debug|Any CPU = Debug|Any CPU
		Release|Any CPU = Release|Any CPU
	EndGlobalSection
	GlobalSection(ProjectConfigurationPlatforms) = postSolution
		{B0756032-BBFC-489F-9C6C-CCE8D0850632}.Debug|Any CPU.ActiveCfg = Debug|Any CPU
		{B0756032-BBFC-489F-9C6C-CCE8D0850632}.Debug|Any CPU.Build.0 = Debug|Any CPU
		{B0756032-BBFC-489F-9C6C-CCE8D0850632}.Release|Any CPU.ActiveCfg = Release|Any CPU
		{B0756032-BBFC-489F-9C6C-CCE8D0850632}.Release|Any CPU.Build.0 = Release|Any CPU
	EndGlobalSection
	GlobalSection(SolutionProperties) = preSolution
		HideSolutionNode = FALSE
	EndGlobalSection
	GlobalSection(ExtensibilityGlobals) = postSolution
		SolutionGuid = {10BEA37A-8F5A-481E-8143-544CEE9CA57E}
	EndGlobalSection
EndGlobal
